
Microsoft Visual Studio Solution File, Format Version 12.00
# Visual Studio Version 17
VisualStudioVersion = 17.1.32407.343
MinimumVisualStudioVersion = 10.0.40219.1
Project("{9A19103F-16F7-4668-BE54-9A1E7A4F7556}") = "CSH_Server", "CSH_Server.csproj", "{FA9C1EF1-765E-461F-B90F-2C560495FB16}"
EndProject
Project("{9A19103F-16F7-4668-BE54-9A1E7A4F7556}") = "Client", "..\Client\Client.csproj", "{217F1143-335E-4131-87DA-339976C391D1}"
EndProject
Global
	GlobalSection(SolutionConfigurationPlatforms) = preSolution
		Debug|Any CPU = Debug|Any CPU
		Release|Any CPU = Release|Any CPU
	EndGlobalSection
	GlobalSection(ProjectConfigurationPlatforms) = postSolution
		{FA9C1EF1-765E-461F-B90F-2C560495FB16}.Debug|Any CPU.ActiveCfg = Debug|Any CPU
		{FA9C1EF1-765E-461F-B90F-2C560495FB16}.Debug|Any CPU.Build.0 = Debug|Any CPU
		{FA9C1EF1-765E-461F-B90F-2C560495FB16}.Release|Any CPU.ActiveCfg = Release|Any CPU
		{FA9C1EF1-765E-461F-B90F-2C560495FB16}.Release|Any CPU.Build.0 = Release|Any CPU
		{217F1143-335E-4131-87DA-339976C391D1}.Debug|Any CPU.ActiveCfg = Debug|Any CPU
		{217F1143-335E-4131-87DA-339976C391D1}.Debug|Any CPU.Build.0 = Debug|Any CPU
		{217F1143-335E-4131-87DA-339976C391D1}.Release|Any CPU.ActiveCfg = Release|Any CPU
		{217F1143-335E-4131-87DA-339976C391D1}.Release|Any CPU.Build.0 = Release|Any CPU
	EndGlobalSection
	GlobalSection(SolutionProperties) = preSolution
		HideSolutionNode = FALSE
	EndGlobalSection
	GlobalSection(ExtensibilityGlobals) = postSolution
		SolutionGuid = {0878E4DB-BC97-47A8-8E9A-3193742B18F6}
	EndGlobalSection
EndGlobal
